
Microsoft Visual Studio Solution File, Format Version 12.00
# Visual Studio Version 17
VisualStudioVersion = 17.5.33424.131
MinimumVisualStudioVersion = 10.0.40219.1
Project("{F184B08F-C81C-45F6-A57F-5ABD9991F28F}") = "Unidad5_ArreglosWFVB", "Unidad5_ArreglosWFVB\Unidad5_ArreglosWFVB.vbproj", "{D41132F6-F655-4943-B307-D1C1C5F95FC2}"
EndProject
Global
	GlobalSection(SolutionConfigurationPlatforms) = preSolution
		Debug|Any CPU = Debug|Any CPU
		Release|Any CPU = Release|Any CPU
	EndGlobalSection
	GlobalSection(ProjectConfigurationPlatforms) = postSolution
		{D41132F6-F655-4943-B307-D1C1C5F95FC2}.Debug|Any CPU.ActiveCfg = Debug|Any CPU
		{D41132F6-F655-4943-B307-D1C1C5F95FC2}.Debug|Any CPU.Build.0 = Debug|Any CPU
		{D41132F6-F655-4943-B307-D1C1C5F95FC2}.Release|Any CPU.ActiveCfg = Release|Any CPU
		{D41132F6-F655-4943-B307-D1C1C5F95FC2}.Release|Any CPU.Build.0 = Release|Any CPU
	EndGlobalSection
	GlobalSection(SolutionProperties) = preSolution
		HideSolutionNode = FALSE
	EndGlobalSection
	GlobalSection(ExtensibilityGlobals) = postSolution
		SolutionGuid = {C60900F6-D9C0-4D6A-8EAB-F7B40AEAE938}
	EndGlobalSection
EndGlobal
